
Microsoft Visual Studio Solution File, Format Version 12.00
# Visual Studio Version 17
VisualStudioVersion = 17.11.35327.3
MinimumVisualStudioVersion = 10.0.40219.1
Project("{FAE04EC0-301F-11D3-BF4B-00C04F79EFBC}") = "SITICOMMERCE", "SITICOMMERCE.csproj", "{5E5C3E86-7CBA-4F5D-9235-7B210A3A3E00}"
EndProject
Project("{2150E333-8FDC-42A3-9474-1A3956D46DE8}") = "API", "API", "{12DC8E21-390B-4AB1-A7A9-D34FA911F54E}"
EndProject
Project("{2150E333-8FDC-42A3-9474-1A3956D46DE8}") = "BLL", "BLL", "{3A1A066E-2668-4E79-8868-742FD4869727}"
EndProject
Project("{2150E333-8FDC-42A3-9474-1A3956D46DE8}") = "Comun", "Comun", "{82E77791-04FA-47C6-9CFA-A58336692997}"
EndProject
Project("{FAE04EC0-301F-11D3-BF4B-00C04F79EFBC}") = "VO", "..\Comun\VO\VO.csproj", "{B5C18196-2D73-4FAF-8248-C4ADB948F8FC}"
EndProject
Project("{FAE04EC0-301F-11D3-BF4B-00C04F79EFBC}") = "ProducBLL", "..\BLL\ProducBLL\ProducBLL.csproj", "{79F1A904-A1CB-48FD-BCF3-1C362849509E}"
EndProject
Project("{FAE04EC0-301F-11D3-BF4B-00C04F79EFBC}") = "OrderBLL", "..\BLL\OrderBLL\OrderBLL.csproj", "{7D457090-78A1-4C7F-9856-F261BD47FCD2}"
EndProject
Project("{FAE04EC0-301F-11D3-BF4B-00C04F79EFBC}") = "OrderAPI", "..\API\OrderAPI\OrderAPI.csproj", "{108B1E68-0237-4362-A5DE-6EC317DCCB60}"
EndProject
Project("{FAE04EC0-301F-11D3-BF4B-00C04F79EFBC}") = "CartAPI", "..\API\CartAPI\CartAPI.csproj", "{238FD708-18EA-45D6-9B34-8333977E1385}"
EndProject
Project("{FAE04EC0-301F-11D3-BF4B-00C04F79EFBC}") = "ProductAPI", "..\API\ProductAPI\ProductAPI.csproj", "{0E4D7D96-78FC-4802-89BB-1C2E0E3AFBE2}"
EndProject
Project("{FAE04EC0-301F-11D3-BF4B-00C04F79EFBC}") = "CartBLL", "..\BLL\CartBLL\CartBLL.csproj", "{83638478-F22C-4DF6-8D9D-448FC6045DB9}"
EndProject
Global
	GlobalSection(SolutionConfigurationPlatforms) = preSolution
		Debug|Any CPU = Debug|Any CPU
		Release|Any CPU = Release|Any CPU
	EndGlobalSection
	GlobalSection(ProjectConfigurationPlatforms) = postSolution
		{5E5C3E86-7CBA-4F5D-9235-7B210A3A3E00}.Debug|Any CPU.ActiveCfg = Debug|Any CPU
		{5E5C3E86-7CBA-4F5D-9235-7B210A3A3E00}.Debug|Any CPU.Build.0 = Debug|Any CPU
		{5E5C3E86-7CBA-4F5D-9235-7B210A3A3E00}.Release|Any CPU.ActiveCfg = Release|Any CPU
		{5E5C3E86-7CBA-4F5D-9235-7B210A3A3E00}.Release|Any CPU.Build.0 = Release|Any CPU
		{B5C18196-2D73-4FAF-8248-C4ADB948F8FC}.Debug|Any CPU.ActiveCfg = Debug|Any CPU
		{B5C18196-2D73-4FAF-8248-C4ADB948F8FC}.Debug|Any CPU.Build.0 = Debug|Any CPU
		{B5C18196-2D73-4FAF-8248-C4ADB948F8FC}.Release|Any CPU.ActiveCfg = Release|Any CPU
		{B5C18196-2D73-4FAF-8248-C4ADB948F8FC}.Release|Any CPU.Build.0 = Release|Any CPU
		{79F1A904-A1CB-48FD-BCF3-1C362849509E}.Debug|Any CPU.ActiveCfg = Debug|Any CPU
		{79F1A904-A1CB-48FD-BCF3-1C362849509E}.Debug|Any CPU.Build.0 = Debug|Any CPU
		{79F1A904-A1CB-48FD-BCF3-1C362849509E}.Release|Any CPU.ActiveCfg = Release|Any CPU
		{79F1A904-A1CB-48FD-BCF3-1C362849509E}.Release|Any CPU.Build.0 = Release|Any CPU
		{7D457090-78A1-4C7F-9856-F261BD47FCD2}.Debug|Any CPU.ActiveCfg = Debug|Any CPU
		{7D457090-78A1-4C7F-9856-F261BD47FCD2}.Debug|Any CPU.Build.0 = Debug|Any CPU
		{7D457090-78A1-4C7F-9856-F261BD47FCD2}.Release|Any CPU.ActiveCfg = Release|Any CPU
		{7D457090-78A1-4C7F-9856-F261BD47FCD2}.Release|Any CPU.Build.0 = Release|Any CPU
		{108B1E68-0237-4362-A5DE-6EC317DCCB60}.Debug|Any CPU.ActiveCfg = Debug|Any CPU
		{108B1E68-0237-4362-A5DE-6EC317DCCB60}.Debug|Any CPU.Build.0 = Debug|Any CPU
		{108B1E68-0237-4362-A5DE-6EC317DCCB60}.Release|Any CPU.ActiveCfg = Release|Any CPU
		{108B1E68-0237-4362-A5DE-6EC317DCCB60}.Release|Any CPU.Build.0 = Release|Any CPU
		{238FD708-18EA-45D6-9B34-8333977E1385}.Debug|Any CPU.ActiveCfg = Debug|Any CPU
		{238FD708-18EA-45D6-9B34-8333977E1385}.Debug|Any CPU.Build.0 = Debug|Any CPU
		{238FD708-18EA-45D6-9B34-8333977E1385}.Release|Any CPU.ActiveCfg = Release|Any CPU
		{238FD708-18EA-45D6-9B34-8333977E1385}.Release|Any CPU.Build.0 = Release|Any CPU
		{0E4D7D96-78FC-4802-89BB-1C2E0E3AFBE2}.Debug|Any CPU.ActiveCfg = Debug|Any CPU
		{0E4D7D96-78FC-4802-89BB-1C2E0E3AFBE2}.Debug|Any CPU.Build.0 = Debug|Any CPU
		{0E4D7D96-78FC-4802-89BB-1C2E0E3AFBE2}.Release|Any CPU.ActiveCfg = Release|Any CPU
		{0E4D7D96-78FC-4802-89BB-1C2E0E3AFBE2}.Release|Any CPU.Build.0 = Release|Any CPU
		{83638478-F22C-4DF6-8D9D-448FC6045DB9}.Debug|Any CPU.ActiveCfg = Debug|Any CPU
		{83638478-F22C-4DF6-8D9D-448FC6045DB9}.Debug|Any CPU.Build.0 = Debug|Any CPU
		{83638478-F22C-4DF6-8D9D-448FC6045DB9}.Release|Any CPU.ActiveCfg = Release|Any CPU
		{83638478-F22C-4DF6-8D9D-448FC6045DB9}.Release|Any CPU.Build.0 = Release|Any CPU
	EndGlobalSection
	GlobalSection(SolutionProperties) = preSolution
		HideSolutionNode = FALSE
	EndGlobalSection
	GlobalSection(NestedProjects) = preSolution
		{B5C18196-2D73-4FAF-8248-C4ADB948F8FC} = {82E77791-04FA-47C6-9CFA-A58336692997}
		{79F1A904-A1CB-48FD-BCF3-1C362849509E} = {3A1A066E-2668-4E79-8868-742FD4869727}
		{7D457090-78A1-4C7F-9856-F261BD47FCD2} = {3A1A066E-2668-4E79-8868-742FD4869727}
		{108B1E68-0237-4362-A5DE-6EC317DCCB60} = {12DC8E21-390B-4AB1-A7A9-D34FA911F54E}
		{238FD708-18EA-45D6-9B34-8333977E1385} = {12DC8E21-390B-4AB1-A7A9-D34FA911F54E}
		{0E4D7D96-78FC-4802-89BB-1C2E0E3AFBE2} = {12DC8E21-390B-4AB1-A7A9-D34FA911F54E}
		{83638478-F22C-4DF6-8D9D-448FC6045DB9} = {3A1A066E-2668-4E79-8868-742FD4869727}
	EndGlobalSection
	GlobalSection(ExtensibilityGlobals) = postSolution
		SolutionGuid = {00881669-697C-43C6-B42A-3EAFE5EB931E}
	EndGlobalSection
EndGlobal
